
Microsoft Visual Studio Solution File, Format Version 12.00
# Visual Studio Version 17
VisualStudioVersion = 17.8.34330.188
MinimumVisualStudioVersion = 10.0.40219.1
Project("{00D1A9C2-B5F0-4AF3-8072-F6C62B433612}") = "01-NYTaxisDataAnalysis", "01-NYTaxisDataAnalysis.sqlproj", "{B6431E4E-1040-466C-86E8-26FA3D5738F6}"
EndProject
Global
	GlobalSection(SolutionConfigurationPlatforms) = preSolution
		Debug|Any CPU = Debug|Any CPU
		Release|Any CPU = Release|Any CPU
	EndGlobalSection
	GlobalSection(ProjectConfigurationPlatforms) = postSolution
		{B6431E4E-1040-466C-86E8-26FA3D5738F6}.Debug|Any CPU.ActiveCfg = Debug|Any CPU
		{B6431E4E-1040-466C-86E8-26FA3D5738F6}.Debug|Any CPU.Build.0 = Debug|Any CPU
		{B6431E4E-1040-466C-86E8-26FA3D5738F6}.Debug|Any CPU.Deploy.0 = Debug|Any CPU
		{B6431E4E-1040-466C-86E8-26FA3D5738F6}.Release|Any CPU.ActiveCfg = Release|Any CPU
		{B6431E4E-1040-466C-86E8-26FA3D5738F6}.Release|Any CPU.Build.0 = Release|Any CPU
		{B6431E4E-1040-466C-86E8-26FA3D5738F6}.Release|Any CPU.Deploy.0 = Release|Any CPU
	EndGlobalSection
	GlobalSection(SolutionProperties) = preSolution
		HideSolutionNode = FALSE
	EndGlobalSection
	GlobalSection(ExtensibilityGlobals) = postSolution
		SolutionGuid = {135FCD61-9F6C-4468-A4B9-C84941537593}
	EndGlobalSection
EndGlobal
